
Microsoft Visual Studio Solution File, Format Version 12.00
# Visual Studio Version 17
VisualStudioVersion = 17.14.36717.8 d17.14
MinimumVisualStudioVersion = 10.0.40219.1
Project("{FAE04EC0-301F-11D3-BF4B-00C04F79EFBC}") = "Word-processor", "Word-processor\Word-processor.csproj", "{9F2847F4-5399-45EA-96C6-0BB66D1BCCAA}"
EndProject
Global
	GlobalSection(SolutionConfigurationPlatforms) = preSolution
		Debug|Any CPU = Debug|Any CPU
		Release|Any CPU = Release|Any CPU
	EndGlobalSection
	GlobalSection(ProjectConfigurationPlatforms) = postSolution
		{9F2847F4-5399-45EA-96C6-0BB66D1BCCAA}.Debug|Any CPU.ActiveCfg = Debug|Any CPU
		{9F2847F4-5399-45EA-96C6-0BB66D1BCCAA}.Debug|Any CPU.Build.0 = Debug|Any CPU
		{9F2847F4-5399-45EA-96C6-0BB66D1BCCAA}.Release|Any CPU.ActiveCfg = Release|Any CPU
		{9F2847F4-5399-45EA-96C6-0BB66D1BCCAA}.Release|Any CPU.Build.0 = Release|Any CPU
	EndGlobalSection
	GlobalSection(SolutionProperties) = preSolution
		HideSolutionNode = FALSE
	EndGlobalSection
	GlobalSection(ExtensibilityGlobals) = postSolution
		SolutionGuid = {2CADA773-AB73-4267-80B5-67ADD42F80A7}
	EndGlobalSection
EndGlobal
